
Microsoft Visual Studio Solution File, Format Version 12.00
# Visual Studio 14
VisualStudioVersion = 14.0.25420.1
MinimumVisualStudioVersion = 10.0.40219.1
Project("{FAE04EC0-301F-11D3-BF4B-00C04F79EFBC}") = "App1", "App1\App1\App1.csproj", "{EE17281D-549E-4AE3-ACD3-EB4FBBB47C29}"
EndProject
Project("{FAE04EC0-301F-11D3-BF4B-00C04F79EFBC}") = "App1.Droid", "App1\App1.Droid\App1.Droid.csproj", "{750F0EA7-3580-4FFB-A7EA-C32A88896A0E}"
EndProject
Project("{FAE04EC0-301F-11D3-BF4B-00C04F79EFBC}") = "App1.iOS", "App1\App1.iOS\App1.iOS.csproj", "{56A611C0-F5B7-4FE8-81E7-9DDDB4498AE8}"
EndProject
Project("{FAE04EC0-301F-11D3-BF4B-00C04F79EFBC}") = "App1.WinPhone", "App1\App1.WinPhone\App1.WinPhone.csproj", "{5A5940D2-8FC7-4B3D-B592-9397125946DE}"
EndProject
Project("{FAE04EC0-301F-11D3-BF4B-00C04F79EFBC}") = "App1.UWP", "App1\App1.UWP\App1.UWP.csproj", "{F53D0CB6-A605-45EF-BA4C-E5A21941668D}"
EndProject
Project("{FAE04EC0-301F-11D3-BF4B-00C04F79EFBC}") = "App1.Windows", "App1\App1.Windows\App1.Windows.csproj", "{9958BF80-319A-4844-9497-CE838ED86AF2}"
EndProject
Global
	GlobalSection(SolutionConfigurationPlatforms) = preSolution
		Ad-Hoc|Any CPU = Ad-Hoc|Any CPU
		Ad-Hoc|ARM = Ad-Hoc|ARM
		Ad-Hoc|iPhone = Ad-Hoc|iPhone
		Ad-Hoc|iPhoneSimulator = Ad-Hoc|iPhoneSimulator
		Ad-Hoc|x64 = Ad-Hoc|x64
		Ad-Hoc|x86 = Ad-Hoc|x86
		AppStore|Any CPU = AppStore|Any CPU
		AppStore|ARM = AppStore|ARM
		AppStore|iPhone = AppStore|iPhone
		AppStore|iPhoneSimulator = AppStore|iPhoneSimulator
		AppStore|x64 = AppStore|x64
		AppStore|x86 = AppStore|x86
		Debug|Any CPU = Debug|Any CPU
		Debug|ARM = Debug|ARM
		Debug|iPhone = Debug|iPhone
		Debug|iPhoneSimulator = Debug|iPhoneSimulator
		Debug|x64 = Debug|x64
		Debug|x86 = Debug|x86
		Release|Any CPU = Release|Any CPU
		Release|ARM = Release|ARM
		Release|iPhone = Release|iPhone
		Release|iPhoneSimulator = Release|iPhoneSimulator
		Release|x64 = Release|x64
		Release|x86 = Release|x86
	EndGlobalSection
	GlobalSection(ProjectConfigurationPlatforms) = postSolution
		{EE17281D-549E-4AE3-ACD3-EB4FBBB47C29}.Ad-Hoc|Any CPU.ActiveCfg = Release|Any CPU
		{EE17281D-549E-4AE3-ACD3-EB4FBBB47C29}.Ad-Hoc|Any CPU.Build.0 = Release|Any CPU
		{EE17281D-549E-4AE3-ACD3-EB4FBBB47C29}.Ad-Hoc|ARM.ActiveCfg = Release|Any CPU
		{EE17281D-549E-4AE3-ACD3-EB4FBBB47C29}.Ad-Hoc|ARM.Build.0 = Release|Any CPU
		{EE17281D-549E-4AE3-ACD3-EB4FBBB47C29}.Ad-Hoc|iPhone.ActiveCfg = Release|Any CPU
		{EE17281D-549E-4AE3-ACD3-EB4FBBB47C29}.Ad-Hoc|iPhone.Build.0 = Release|Any CPU
		{EE17281D-549E-4AE3-ACD3-EB4FBBB47C29}.Ad-Hoc|iPhoneSimulator.ActiveCfg = Release|Any CPU
		{EE17281D-549E-4AE3-ACD3-EB4FBBB47C29}.Ad-Hoc|iPhoneSimulator.Build.0 = Release|Any CPU
		{EE17281D-549E-4AE3-ACD3-EB4FBBB47C29}.Ad-Hoc|x64.ActiveCfg = Release|Any CPU
		{EE17281D-549E-4AE3-ACD3-EB4FBBB47C29}.Ad-Hoc|x64.Build.0 = Release|Any CPU
		{EE17281D-549E-4AE3-ACD3-EB4FBBB47C29}.Ad-Hoc|x86.ActiveCfg = Release|Any CPU
		{EE17281D-549E-4AE3-ACD3-EB4FBBB47C29}.Ad-Hoc|x86.Build.0 = Release|Any CPU
		{EE17281D-549E-4AE3-ACD3-EB4FBBB47C29}.AppStore|Any CPU.ActiveCfg = Release|Any CPU
		{EE17281D-549E-4AE3-ACD3-EB4FBBB47C29}.AppStore|Any CPU.Build.0 = Release|Any CPU
		{EE17281D-549E-4AE3-ACD3-EB4FBBB47C29}.AppStore|ARM.ActiveCfg = Release|Any CPU
		{EE17281D-549E-4AE3-ACD3-EB4FBBB47C29}.AppStore|ARM.Build.0 = Release|Any CPU
		{EE17281D-549E-4AE3-ACD3-EB4FBBB47C29}.AppStore|iPhone.ActiveCfg = Release|Any CPU
		{EE17281D-549E-4AE3-ACD3-EB4FBBB47C29}.AppStore|iPhone.Build.0 = Release|Any CPU
		{EE17281D-549E-4AE3-ACD3-EB4FBBB47C29}.AppStore|iPhoneSimulator.ActiveCfg = Release|Any CPU
		{EE17281D-549E-4AE3-ACD3-EB4FBBB47C29}.AppStore|iPhoneSimulator.Build.0 = Release|Any CPU
		{EE17281D-549E-4AE3-ACD3-EB4FBBB47C29}.AppStore|x64.ActiveCfg = Release|Any CPU
		{EE17281D-549E-4AE3-ACD3-EB4FBBB47C29}.AppStore|x64.Build.0 = Release|Any CPU
		{EE17281D-549E-4AE3-ACD3-EB4FBBB47C29}.AppStore|x86.ActiveCfg = Release|Any CPU
		{EE17281D-549E-4AE3-ACD3-EB4FBBB47C29}.AppStore|x86.Build.0 = Release|Any CPU
		{EE17281D-549E-4AE3-ACD3-EB4FBBB47C29}.Debug|Any CPU.ActiveCfg = Debug|Any CPU
		{EE17281D-549E-4AE3-ACD3-EB4FBBB47C29}.Debug|Any CPU.Build.0 = Debug|Any CPU
		{EE17281D-549E-4AE3-ACD3-EB4FBBB47C29}.Debug|ARM.ActiveCfg = Debug|Any CPU
		{EE17281D-549E-4AE3-ACD3-EB4FBBB47C29}.Debug|ARM.Build.0 = Debug|Any CPU
		{EE17281D-549E-4AE3-ACD3-EB4FBBB47C29}.Debug|iPhone.ActiveCfg = Debug|Any CPU
		{EE17281D-549E-4AE3-ACD3-EB4FBBB47C29}.Debug|iPhone.Build.0 = Debug|Any CPU
		{EE17281D-549E-4AE3-ACD3-EB4FBBB47C29}.Debug|iPhoneSimulator.ActiveCfg = Debug|Any CPU
		{EE17281D-549E-4AE3-ACD3-EB4FBBB47C29}.Debug|iPhoneSimulator.Build.0 = Debug|Any CPU
		{EE17281D-549E-4AE3-ACD3-EB4FBBB47C29}.Debug|x64.ActiveCfg = Debug|Any CPU
		{EE17281D-549E-4AE3-ACD3-EB4FBBB47C29}.Debug|x64.Build.0 = Debug|Any CPU
		{EE17281D-549E-4AE3-ACD3-EB4FBBB47C29}.Debug|x86.ActiveCfg = Debug|Any CPU
		{EE17281D-549E-4AE3-ACD3-EB4FBBB47C29}.Debug|x86.Build.0 = Debug|Any CPU
		{EE17281D-549E-4AE3-ACD3-EB4FBBB47C29}.Release|Any CPU.ActiveCfg = Release|Any CPU
		{EE17281D-549E-4AE3-ACD3-EB4FBBB47C29}.Release|Any CPU.Build.0 = Release|Any CPU
		{EE17281D-549E-4AE3-ACD3-EB4FBBB47C29}.Release|ARM.ActiveCfg = Release|Any CPU
		{EE17281D-549E-4AE3-ACD3-EB4FBBB47C29}.Release|ARM.Build.0 = Release|Any CPU
		{EE17281D-549E-4AE3-ACD3-EB4FBBB47C29}.Release|iPhone.ActiveCfg = Release|Any CPU
		{EE17281D-549E-4AE3-ACD3-EB4FBBB47C29}.Release|iPhone.Build.0 = Release|Any CPU
		{EE17281D-549E-4AE3-ACD3-EB4FBBB47C29}.Release|iPhoneSimulator.ActiveCfg = Release|Any CPU
		{EE17281D-549E-4AE3-ACD3-EB4FBBB47C29}.Release|iPhoneSimulator.Build.0 = Release|Any CPU
		{EE17281D-549E-4AE3-ACD3-EB4FBBB47C29}.Release|x64.ActiveCfg = Release|Any CPU
		{EE17281D-549E-4AE3-ACD3-EB4FBBB47C29}.Release|x64.Build.0 = Release|Any CPU
		{EE17281D-549E-4AE3-ACD3-EB4FBBB47C29}.Release|x86.ActiveCfg = Release|Any CPU
		{EE17281D-549E-4AE3-ACD3-EB4FBBB47C29}.Release|x86.Build.0 = Release|Any CPU
		{750F0EA7-3580-4FFB-A7EA-C32A88896A0E}.Ad-Hoc|Any CPU.ActiveCfg = Release|Any CPU
		{750F0EA7-3580-4FFB-A7EA-C32A88896A0E}.Ad-Hoc|Any CPU.Build.0 = Release|Any CPU
		{750F0EA7-3580-4FFB-A7EA-C32A88896A0E}.Ad-Hoc|Any CPU.Deploy.0 = Release|Any CPU
		{750F0EA7-3580-4FFB-A7EA-C32A88896A0E}.Ad-Hoc|ARM.ActiveCfg = Release|Any CPU
		{750F0EA7-3580-4FFB-A7EA-C32A88896A0E}.Ad-Hoc|ARM.Build.0 = Release|Any CPU
		{750F0EA7-3580-4FFB-A7EA-C32A88896A0E}.Ad-Hoc|ARM.Deploy.0 = Release|Any CPU
		{750F0EA7-3580-4FFB-A7EA-C32A88896A0E}.Ad-Hoc|iPhone.ActiveCfg = Release|Any CPU
		{750F0EA7-3580-4FFB-A7EA-C32A88896A0E}.Ad-Hoc|iPhone.Build.0 = Release|Any CPU
		{750F0EA7-3580-4FFB-A7EA-C32A88896A0E}.Ad-Hoc|iPhone.Deploy.0 = Release|Any CPU
		{750F0EA7-3580-4FFB-A7EA-C32A88896A0E}.Ad-Hoc|iPhoneSimulator.ActiveCfg = Release|Any CPU
		{750F0EA7-3580-4FFB-A7EA-C32A88896A0E}.Ad-Hoc|iPhoneSimulator.Build.0 = Release|Any CPU
		{750F0EA7-3580-4FFB-A7EA-C32A88896A0E}.Ad-Hoc|iPhoneSimulator.Deploy.0 = Release|Any CPU
		{750F0EA7-3580-4FFB-A7EA-C32A88896A0E}.Ad-Hoc|x64.ActiveCfg = Release|Any CPU
		{750F0EA7-3580-4FFB-A7EA-C32A88896A0E}.Ad-Hoc|x64.Build.0 = Release|Any CPU
		{750F0EA7-3580-4FFB-A7EA-C32A88896A0E}.Ad-Hoc|x64.Deploy.0 = Release|Any CPU
		{750F0EA7-3580-4FFB-A7EA-C32A88896A0E}.Ad-Hoc|x86.ActiveCfg = Release|Any CPU
		{750F0EA7-3580-4FFB-A7EA-C32A88896A0E}.Ad-Hoc|x86.Build.0 = Release|Any CPU
		{750F0EA7-3580-4FFB-A7EA-C32A88896A0E}.Ad-Hoc|x86.Deploy.0 = Release|Any CPU
		{750F0EA7-3580-4FFB-A7EA-C32A88896A0E}.AppStore|Any CPU.ActiveCfg = Release|Any CPU
		{750F0EA7-3580-4FFB-A7EA-C32A88896A0E}.AppStore|Any CPU.Build.0 = Release|Any CPU
		{750F0EA7-3580-4FFB-A7EA-C32A88896A0E}.AppStore|Any CPU.Deploy.0 = Release|Any CPU
		{750F0EA7-3580-4FFB-A7EA-C32A88896A0E}.AppStore|ARM.ActiveCfg = Release|Any CPU
		{750F0EA7-3580-4FFB-A7EA-C32A88896A0E}.AppStore|ARM.Build.0 = Release|Any CPU
		{750F0EA7-3580-4FFB-A7EA-C32A88896A0E}.AppStore|ARM.Deploy.0 = Release|Any CPU
		{750F0EA7-3580-4FFB-A7EA-C32A88896A0E}.AppStore|iPhone.ActiveCfg = Release|Any CPU
		{750F0EA7-3580-4FFB-A7EA-C32A88896A0E}.AppStore|iPhone.Build.0 = Release|Any CPU
		{750F0EA7-3580-4FFB-A7EA-C32A88896A0E}.AppStore|iPhone.Deploy.0 = Release|Any CPU
		{750F0EA7-3580-4FFB-A7EA-C32A88896A0E}.AppStore|iPhoneSimulator.ActiveCfg = Release|Any CPU
		{750F0EA7-3580-4FFB-A7EA-C32A88896A0E}.AppStore|iPhoneSimulator.Build.0 = Release|Any CPU
		{750F0EA7-3580-4FFB-A7EA-C32A88896A0E}.AppStore|iPhoneSimulator.Deploy.0 = Release|Any CPU
		{750F0EA7-3580-4FFB-A7EA-C32A88896A0E}.AppStore|x64.ActiveCfg = Release|Any CPU
		{750F0EA7-3580-4FFB-A7EA-C32A88896A0E}.AppStore|x64.Build.0 = Release|Any CPU
		{750F0EA7-3580-4FFB-A7EA-C32A88896A0E}.AppStore|x64.Deploy.0 = Release|Any CPU
		{750F0EA7-3580-4FFB-A7EA-C32A88896A0E}.AppStore|x86.ActiveCfg = Release|Any CPU
		{750F0EA7-3580-4FFB-A7EA-C32A88896A0E}.AppStore|x86.Build.0 = Release|Any CPU
		{750F0EA7-3580-4FFB-A7EA-C32A88896A0E}.AppStore|x86.Deploy.0 = Release|Any CPU
		{750F0EA7-3580-4FFB-A7EA-C32A88896A0E}.Debug|Any CPU.ActiveCfg = Debug|Any CPU
		{750F0EA7-3580-4FFB-A7EA-C32A88896A0E}.Debug|Any CPU.Build.0 = Debug|Any CPU
		{750F0EA7-3580-4FFB-A7EA-C32A88896A0E}.Debug|Any CPU.Deploy.0 = Debug|Any CPU
		{750F0EA7-3580-4FFB-A7EA-C32A88896A0E}.Debug|ARM.ActiveCfg = Debug|Any CPU
		{750F0EA7-3580-4FFB-A7EA-C32A88896A0E}.Debug|ARM.Build.0 = Debug|Any CPU
		{750F0EA7-3580-4FFB-A7EA-C32A88896A0E}.Debug|ARM.Deploy.0 = Debug|Any CPU
		{750F0EA7-3580-4FFB-A7EA-C32A88896A0E}.Debug|iPhone.ActiveCfg = Debug|Any CPU
		{750F0EA7-3580-4FFB-A7EA-C32A88896A0E}.Debug|iPhone.Build.0 = Debug|Any CPU
		{750F0EA7-3580-4FFB-A7EA-C32A88896A0E}.Debug|iPhone.Deploy.0 = Debug|Any CPU
		{750F0EA7-3580-4FFB-A7EA-C32A88896A0E}.Debug|iPhoneSimulator.ActiveCfg = Debug|Any CPU
		{750F0EA7-3580-4FFB-A7EA-C32A88896A0E}.Debug|iPhoneSimulator.Build.0 = Debug|Any CPU
		{750F0EA7-3580-4FFB-A7EA-C32A88896A0E}.Debug|iPhoneSimulator.Deploy.0 = Debug|Any CPU
		{750F0EA7-3580-4FFB-A7EA-C32A88896A0E}.Debug|x64.ActiveCfg = Debug|Any CPU
		{750F0EA7-3580-4FFB-A7EA-C32A88896A0E}.Debug|x64.Build.0 = Debug|Any CPU
		{750F0EA7-3580-4FFB-A7EA-C32A88896A0E}.Debug|x64.Deploy.0 = Debug|Any CPU
		{750F0EA7-3580-4FFB-A7EA-C32A88896A0E}.Debug|x86.ActiveCfg = Debug|Any CPU
		{750F0EA7-3580-4FFB-A7EA-C32A88896A0E}.Debug|x86.Build.0 = Debug|Any CPU
		{750F0EA7-3580-4FFB-A7EA-C32A88896A0E}.Debug|x86.Deploy.0 = Debug|Any CPU
		{750F0EA7-3580-4FFB-A7EA-C32A88896A0E}.Release|Any CPU.ActiveCfg = Release|Any CPU
		{750F0EA7-3580-4FFB-A7EA-C32A88896A0E}.Release|Any CPU.Build.0 = Release|Any CPU
		{750F0EA7-3580-4FFB-A7EA-C32A88896A0E}.Release|Any CPU.Deploy.0 = Release|Any CPU
		{750F0EA7-3580-4FFB-A7EA-C32A88896A0E}.Release|ARM.ActiveCfg = Release|Any CPU
		{750F0EA7-3580-4FFB-A7EA-C32A88896A0E}.Release|ARM.Build.0 = Release|Any CPU
		{750F0EA7-3580-4FFB-A7EA-C32A88896A0E}.Release|ARM.Deploy.0 = Release|Any CPU
		{750F0EA7-3580-4FFB-A7EA-C32A88896A0E}.Release|iPhone.ActiveCfg = Release|Any CPU
		{750F0EA7-3580-4FFB-A7EA-C32A88896A0E}.Release|iPhone.Build.0 = Release|Any CPU
		{750F0EA7-3580-4FFB-A7EA-C32A88896A0E}.Release|iPhone.Deploy.0 = Release|Any CPU
		{750F0EA7-3580-4FFB-A7EA-C32A88896A0E}.Release|iPhoneSimulator.ActiveCfg = Release|Any CPU
		{750F0EA7-3580-4FFB-A7EA-C32A88896A0E}.Release|iPhoneSimulator.Build.0 = Release|Any CPU
		{750F0EA7-3580-4FFB-A7EA-C32A88896A0E}.Release|iPhoneSimulator.Deploy.0 = Release|Any CPU
		{750F0EA7-3580-4FFB-A7EA-C32A88896A0E}.Release|x64.ActiveCfg = Release|Any CPU
		{750F0EA7-3580-4FFB-A7EA-C32A88896A0E}.Release|x64.Build.0 = Release|Any CPU
		{750F0EA7-3580-4FFB-A7EA-C32A88896A0E}.Release|x64.Deploy.0 = Release|Any CPU
		{750F0EA7-3580-4FFB-A7EA-C32A88896A0E}.Release|x86.ActiveCfg = Release|Any CPU
		{750F0EA7-3580-4FFB-A7EA-C32A88896A0E}.Release|x86.Build.0 = Release|Any CPU
		{750F0EA7-3580-4FFB-A7EA-C32A88896A0E}.Release|x86.Deploy.0 = Release|Any CPU
		{56A611C0-F5B7-4FE8-81E7-9DDDB4498AE8}.Ad-Hoc|Any CPU.ActiveCfg = Ad-Hoc|iPhone
		{56A611C0-F5B7-4FE8-81E7-9DDDB4498AE8}.Ad-Hoc|ARM.ActiveCfg = Ad-Hoc|iPhone
		{56A611C0-F5B7-4FE8-81E7-9DDDB4498AE8}.Ad-Hoc|iPhone.ActiveCfg = Ad-Hoc|iPhone
		{56A611C0-F5B7-4FE8-81E7-9DDDB4498AE8}.Ad-Hoc|iPhone.Build.0 = Ad-Hoc|iPhone
		{56A611C0-F5B7-4FE8-81E7-9DDDB4498AE8}.Ad-Hoc|iPhoneSimulator.ActiveCfg = Ad-Hoc|iPhoneSimulator
		{56A611C0-F5B7-4FE8-81E7-9DDDB4498AE8}.Ad-Hoc|iPhoneSimulator.Build.0 = Ad-Hoc|iPhoneSimulator
		{56A611C0-F5B7-4FE8-81E7-9DDDB4498AE8}.Ad-Hoc|x64.ActiveCfg = Ad-Hoc|iPhone
		{56A611C0-F5B7-4FE8-81E7-9DDDB4498AE8}.Ad-Hoc|x86.ActiveCfg = Ad-Hoc|iPhone
		{56A611C0-F5B7-4FE8-81E7-9DDDB4498AE8}.AppStore|Any CPU.ActiveCfg = AppStore|iPhone
		{56A611C0-F5B7-4FE8-81E7-9DDDB4498AE8}.AppStore|ARM.ActiveCfg = AppStore|iPhone
		{56A611C0-F5B7-4FE8-81E7-9DDDB4498AE8}.AppStore|iPhone.ActiveCfg = AppStore|iPhone
		{56A611C0-F5B7-4FE8-81E7-9DDDB4498AE8}.AppStore|iPhone.Build.0 = AppStore|iPhone
		{56A611C0-F5B7-4FE8-81E7-9DDDB4498AE8}.AppStore|iPhoneSimulator.ActiveCfg = AppStore|iPhoneSimulator
		{56A611C0-F5B7-4FE8-81E7-9DDDB4498AE8}.AppStore|iPhoneSimulator.Build.0 = AppStore|iPhoneSimulator
		{56A611C0-F5B7-4FE8-81E7-9DDDB4498AE8}.AppStore|x64.ActiveCfg = AppStore|iPhone
		{56A611C0-F5B7-4FE8-81E7-9DDDB4498AE8}.AppStore|x86.ActiveCfg = AppStore|iPhone
		{56A611C0-F5B7-4FE8-81E7-9DDDB4498AE8}.Debug|Any CPU.ActiveCfg = Debug|iPhone
		{56A611C0-F5B7-4FE8-81E7-9DDDB4498AE8}.Debug|ARM.ActiveCfg = Debug|iPhone
		{56A611C0-F5B7-4FE8-81E7-9DDDB4498AE8}.Debug|iPhone.ActiveCfg = Debug|iPhone
		{56A611C0-F5B7-4FE8-81E7-9DDDB4498AE8}.Debug|iPhone.Build.0 = Debug|iPhone
		{56A611C0-F5B7-4FE8-81E7-9DDDB4498AE8}.Debug|iPhoneSimulator.ActiveCfg = Debug|iPhoneSimulator
		{56A611C0-F5B7-4FE8-81E7-9DDDB4498AE8}.Debug|iPhoneSimulator.Build.0 = Debug|iPhoneSimulator
		{56A611C0-F5B7-4FE8-81E7-9DDDB4498AE8}.Debug|x64.ActiveCfg = Debug|iPhone
		{56A611C0-F5B7-4FE8-81E7-9DDDB4498AE8}.Debug|x86.ActiveCfg = Debug|iPhone
		{56A611C0-F5B7-4FE8-81E7-9DDDB4498AE8}.Release|Any CPU.ActiveCfg = Release|iPhone
		{56A611C0-F5B7-4FE8-81E7-9DDDB4498AE8}.Release|ARM.ActiveCfg = Release|iPhone
		{56A611C0-F5B7-4FE8-81E7-9DDDB4498AE8}.Release|iPhone.ActiveCfg = Release|iPhone
		{56A611C0-F5B7-4FE8-81E7-9DDDB4498AE8}.Release|iPhone.Build.0 = Release|iPhone
		{56A611C0-F5B7-4FE8-81E7-9DDDB4498AE8}.Release|iPhoneSimulator.ActiveCfg = Release|iPhoneSimulator
		{56A611C0-F5B7-4FE8-81E7-9DDDB4498AE8}.Release|iPhoneSimulator.Build.0 = Release|iPhoneSimulator
		{56A611C0-F5B7-4FE8-81E7-9DDDB4498AE8}.Release|x64.ActiveCfg = Release|iPhone
		{56A611C0-F5B7-4FE8-81E7-9DDDB4498AE8}.Release|x86.ActiveCfg = Release|iPhone
		{5A5940D2-8FC7-4B3D-B592-9397125946DE}.Ad-Hoc|Any CPU.ActiveCfg = Release|Any CPU
		{5A5940D2-8FC7-4B3D-B592-9397125946DE}.Ad-Hoc|Any CPU.Build.0 = Release|Any CPU
		{5A5940D2-8FC7-4B3D-B592-9397125946DE}.Ad-Hoc|Any CPU.Deploy.0 = Release|Any CPU
		{5A5940D2-8FC7-4B3D-B592-9397125946DE}.Ad-Hoc|ARM.ActiveCfg = Release|ARM
		{5A5940D2-8FC7-4B3D-B592-9397125946DE}.Ad-Hoc|ARM.Build.0 = Release|ARM
		{5A5940D2-8FC7-4B3D-B592-9397125946DE}.Ad-Hoc|ARM.Deploy.0 = Release|ARM
		{5A5940D2-8FC7-4B3D-B592-9397125946DE}.Ad-Hoc|iPhone.ActiveCfg = Release|Any CPU
		{5A5940D2-8FC7-4B3D-B592-9397125946DE}.Ad-Hoc|iPhone.Build.0 = Release|Any CPU
		{5A5940D2-8FC7-4B3D-B592-9397125946DE}.Ad-Hoc|iPhone.Deploy.0 = Release|Any CPU
		{5A5940D2-8FC7-4B3D-B592-9397125946DE}.Ad-Hoc|iPhoneSimulator.ActiveCfg = Release|Any CPU
		{5A5940D2-8FC7-4B3D-B592-9397125946DE}.Ad-Hoc|iPhoneSimulator.Build.0 = Release|Any CPU
		{5A5940D2-8FC7-4B3D-B592-9397125946DE}.Ad-Hoc|iPhoneSimulator.Deploy.0 = Release|Any CPU
		{5A5940D2-8FC7-4B3D-B592-9397125946DE}.Ad-Hoc|x64.ActiveCfg = Release|Any CPU
		{5A5940D2-8FC7-4B3D-B592-9397125946DE}.Ad-Hoc|x64.Build.0 = Release|Any CPU
		{5A5940D2-8FC7-4B3D-B592-9397125946DE}.Ad-Hoc|x64.Deploy.0 = Release|Any CPU
		{5A5940D2-8FC7-4B3D-B592-9397125946DE}.Ad-Hoc|x86.ActiveCfg = Release|x86
		{5A5940D2-8FC7-4B3D-B592-9397125946DE}.Ad-Hoc|x86.Build.0 = Release|x86
		{5A5940D2-8FC7-4B3D-B592-9397125946DE}.Ad-Hoc|x86.Deploy.0 = Release|x86
		{5A5940D2-8FC7-4B3D-B592-9397125946DE}.AppStore|Any CPU.ActiveCfg = Release|Any CPU
		{5A5940D2-8FC7-4B3D-B592-9397125946DE}.AppStore|Any CPU.Build.0 = Release|Any CPU
		{5A5940D2-8FC7-4B3D-B592-9397125946DE}.AppStore|Any CPU.Deploy.0 = Release|Any CPU
		{5A5940D2-8FC7-4B3D-B592-9397125946DE}.AppStore|ARM.ActiveCfg = Release|ARM
		{5A5940D2-8FC7-4B3D-B592-9397125946DE}.AppStore|ARM.Build.0 = Release|ARM
		{5A5940D2-8FC7-4B3D-B592-9397125946DE}.AppStore|ARM.Deploy.0 = Release|ARM
		{5A5940D2-8FC7-4B3D-B592-9397125946DE}.AppStore|iPhone.ActiveCfg = Release|Any CPU
		{5A5940D2-8FC7-4B3D-B592-9397125946DE}.AppStore|iPhone.Build.0 = Release|Any CPU
		{5A5940D2-8FC7-4B3D-B592-9397125946DE}.AppStore|iPhone.Deploy.0 = Release|Any CPU
		{5A5940D2-8FC7-4B3D-B592-9397125946DE}.AppStore|iPhoneSimulator.ActiveCfg = Release|Any CPU
		{5A5940D2-8FC7-4B3D-B592-9397125946DE}.AppStore|iPhoneSimulator.Build.0 = Release|Any CPU
		{5A5940D2-8FC7-4B3D-B592-9397125946DE}.AppStore|iPhoneSimulator.Deploy.0 = Release|Any CPU
		{5A5940D2-8FC7-4B3D-B592-9397125946DE}.AppStore|x64.ActiveCfg = Release|Any CPU
		{5A5940D2-8FC7-4B3D-B592-9397125946DE}.AppStore|x64.Build.0 = Release|Any CPU
		{5A5940D2-8FC7-4B3D-B592-9397125946DE}.AppStore|x64.Deploy.0 = Release|Any CPU
		{5A5940D2-8FC7-4B3D-B592-9397125946DE}.AppStore|x86.ActiveCfg = Release|x86
		{5A5940D2-8FC7-4B3D-B592-9397125946DE}.AppStore|x86.Build.0 = Release|x86
		{5A5940D2-8FC7-4B3D-B592-9397125946DE}.AppStore|x86.Deploy.0 = Release|x86
		{5A5940D2-8FC7-4B3D-B592-9397125946DE}.Debug|Any CPU.ActiveCfg = Debug|Any CPU
		{5A5940D2-8FC7-4B3D-B592-9397125946DE}.Debug|Any CPU.Build.0 = Debug|Any CPU
		{5A5940D2-8FC7-4B3D-B592-9397125946DE}.Debug|Any CPU.Deploy.0 = Debug|Any CPU
		{5A5940D2-8FC7-4B3D-B592-9397125946DE}.Debug|ARM.ActiveCfg = Debug|ARM
		{5A5940D2-8FC7-4B3D-B592-9397125946DE}.Debug|ARM.Build.0 = Debug|ARM
		{5A5940D2-8FC7-4B3D-B592-9397125946DE}.Debug|ARM.Deploy.0 = Debug|ARM
		{5A5940D2-8FC7-4B3D-B592-9397125946DE}.Debug|iPhone.ActiveCfg = Debug|Any CPU
		{5A5940D2-8FC7-4B3D-B592-9397125946DE}.Debug|iPhone.Build.0 = Debug|Any CPU
		{5A5940D2-8FC7-4B3D-B592-9397125946DE}.Debug|iPhone.Deploy.0 = Debug|Any CPU
		{5A5940D2-8FC7-4B3D-B592-9397125946DE}.Debug|iPhoneSimulator.ActiveCfg = Debug|Any CPU
		{5A5940D2-8FC7-4B3D-B592-9397125946DE}.Debug|iPhoneSimulator.Build.0 = Debug|Any CPU
		{5A5940D2-8FC7-4B3D-B592-9397125946DE}.Debug|iPhoneSimulator.Deploy.0 = Debug|Any CPU
		{5A5940D2-8FC7-4B3D-B592-9397125946DE}.Debug|x64.ActiveCfg = Debug|Any CPU
		{5A5940D2-8FC7-4B3D-B592-9397125946DE}.Debug|x64.Build.0 = Debug|Any CPU
		{5A5940D2-8FC7-4B3D-B592-9397125946DE}.Debug|x64.Deploy.0 = Debug|Any CPU
		{5A5940D2-8FC7-4B3D-B592-9397125946DE}.Debug|x86.ActiveCfg = Debug|x86
		{5A5940D2-8FC7-4B3D-B592-9397125946DE}.Debug|x86.Build.0 = Debug|x86
		{5A5940D2-8FC7-4B3D-B592-9397125946DE}.Debug|x86.Deploy.0 = Debug|x86
		{5A5940D2-8FC7-4B3D-B592-9397125946DE}.Release|Any CPU.ActiveCfg = Release|Any CPU
		{5A5940D2-8FC7-4B3D-B592-9397125946DE}.Release|Any CPU.Build.0 = Release|Any CPU
		{5A5940D2-8FC7-4B3D-B592-9397125946DE}.Release|Any CPU.Deploy.0 = Release|Any CPU
		{5A5940D2-8FC7-4B3D-B592-9397125946DE}.Release|ARM.ActiveCfg = Release|ARM
		{5A5940D2-8FC7-4B3D-B592-9397125946DE}.Release|ARM.Build.0 = Release|ARM
		{5A5940D2-8FC7-4B3D-B592-9397125946DE}.Release|ARM.Deploy.0 = Release|ARM
		{5A5940D2-8FC7-4B3D-B592-9397125946DE}.Release|iPhone.ActiveCfg = Release|Any CPU
		{5A5940D2-8FC7-4B3D-B592-9397125946DE}.Release|iPhone.Build.0 = Release|Any CPU
		{5A5940D2-8FC7-4B3D-B592-9397125946DE}.Release|iPhone.Deploy.0 = Release|Any CPU
		{5A5940D2-8FC7-4B3D-B592-9397125946DE}.Release|iPhoneSimulator.ActiveCfg = Release|Any CPU
		{5A5940D2-8FC7-4B3D-B592-9397125946DE}.Release|iPhoneSimulator.Build.0 = Release|Any CPU
		{5A5940D2-8FC7-4B3D-B592-9397125946DE}.Release|iPhoneSimulator.Deploy.0 = Release|Any CPU
		{5A5940D2-8FC7-4B3D-B592-9397125946DE}.Release|x64.ActiveCfg = Release|Any CPU
		{5A5940D2-8FC7-4B3D-B592-9397125946DE}.Release|x64.Build.0 = Release|Any CPU
		{5A5940D2-8FC7-4B3D-B592-9397125946DE}.Release|x64.Deploy.0 = Release|Any CPU
		{5A5940D2-8FC7-4B3D-B592-9397125946DE}.Release|x86.ActiveCfg = Release|x86
		{5A5940D2-8FC7-4B3D-B592-9397125946DE}.Release|x86.Build.0 = Release|x86
		{5A5940D2-8FC7-4B3D-B592-9397125946DE}.Release|x86.Deploy.0 = Release|x86
		{F53D0CB6-A605-45EF-BA4C-E5A21941668D}.Ad-Hoc|Any CPU.ActiveCfg = Release|x86
		{F53D0CB6-A605-45EF-BA4C-E5A21941668D}.Ad-Hoc|Any CPU.Build.0 = Release|x86
		{F53D0CB6-A605-45EF-BA4C-E5A21941668D}.Ad-Hoc|Any CPU.Deploy.0 = Release|x86
		{F53D0CB6-A605-45EF-BA4C-E5A21941668D}.Ad-Hoc|ARM.ActiveCfg = Release|ARM
		{F53D0CB6-A605-45EF-BA4C-E5A21941668D}.Ad-Hoc|ARM.Build.0 = Release|ARM
		{F53D0CB6-A605-45EF-BA4C-E5A21941668D}.Ad-Hoc|ARM.Deploy.0 = Release|ARM
		{F53D0CB6-A605-45EF-BA4C-E5A21941668D}.Ad-Hoc|iPhone.ActiveCfg = Release|x86
		{F53D0CB6-A605-45EF-BA4C-E5A21941668D}.Ad-Hoc|iPhone.Build.0 = Release|x86
		{F53D0CB6-A605-45EF-BA4C-E5A21941668D}.Ad-Hoc|iPhone.Deploy.0 = Release|x86
		{F53D0CB6-A605-45EF-BA4C-E5A21941668D}.Ad-Hoc|iPhoneSimulator.ActiveCfg = Release|x86
		{F53D0CB6-A605-45EF-BA4C-E5A21941668D}.Ad-Hoc|iPhoneSimulator.Build.0 = Release|x86
		{F53D0CB6-A605-45EF-BA4C-E5A21941668D}.Ad-Hoc|iPhoneSimulator.Deploy.0 = Release|x86
		{F53D0CB6-A605-45EF-BA4C-E5A21941668D}.Ad-Hoc|x64.ActiveCfg = Release|x64
		{F53D0CB6-A605-45EF-BA4C-E5A21941668D}.Ad-Hoc|x64.Build.0 = Release|x64
		{F53D0CB6-A605-45EF-BA4C-E5A21941668D}.Ad-Hoc|x64.Deploy.0 = Release|x64
		{F53D0CB6-A605-45EF-BA4C-E5A21941668D}.Ad-Hoc|x86.ActiveCfg = Release|x86
		{F53D0CB6-A605-45EF-BA4C-E5A21941668D}.Ad-Hoc|x86.Build.0 = Release|x86
		{F53D0CB6-A605-45EF-BA4C-E5A21941668D}.Ad-Hoc|x86.Deploy.0 = Release|x86
		{F53D0CB6-A605-45EF-BA4C-E5A21941668D}.AppStore|Any CPU.ActiveCfg = Release|x86
		{F53D0CB6-A605-45EF-BA4C-E5A21941668D}.AppStore|Any CPU.Build.0 = Release|x86
		{F53D0CB6-A605-45EF-BA4C-E5A21941668D}.AppStore|Any CPU.Deploy.0 = Release|x86
		{F53D0CB6-A605-45EF-BA4C-E5A21941668D}.AppStore|ARM.ActiveCfg = Release|ARM
		{F53D0CB6-A605-45EF-BA4C-E5A21941668D}.AppStore|ARM.Build.0 = Release|ARM
		{F53D0CB6-A605-45EF-BA4C-E5A21941668D}.AppStore|ARM.Deploy.0 = Release|ARM
		{F53D0CB6-A605-45EF-BA4C-E5A21941668D}.AppStore|iPhone.ActiveCfg = Release|x86
		{F53D0CB6-A605-45EF-BA4C-E5A21941668D}.AppStore|iPhone.Build.0 = Release|x86
		{F53D0CB6-A605-45EF-BA4C-E5A21941668D}.AppStore|iPhone.Deploy.0 = Release|x86
		{F53D0CB6-A605-45EF-BA4C-E5A21941668D}.AppStore|iPhoneSimulator.ActiveCfg = Release|x86
		{F53D0CB6-A605-45EF-BA4C-E5A21941668D}.AppStore|iPhoneSimulator.Build.0 = Release|x86
		{F53D0CB6-A605-45EF-BA4C-E5A21941668D}.AppStore|iPhoneSimulator.Deploy.0 = Release|x86
		{F53D0CB6-A605-45EF-BA4C-E5A21941668D}.AppStore|x64.ActiveCfg = Release|x64
		{F53D0CB6-A605-45EF-BA4C-E5A21941668D}.AppStore|x64.Build.0 = Release|x64
		{F53D0CB6-A605-45EF-BA4C-E5A21941668D}.AppStore|x64.Deploy.0 = Release|x64
		{F53D0CB6-A605-45EF-BA4C-E5A21941668D}.AppStore|x86.ActiveCfg = Release|x86
		{F53D0CB6-A605-45EF-BA4C-E5A21941668D}.AppStore|x86.Build.0 = Release|x86
		{F53D0CB6-A605-45EF-BA4C-E5A21941668D}.AppStore|x86.Deploy.0 = Release|x86
		{F53D0CB6-A605-45EF-BA4C-E5A21941668D}.Debug|Any CPU.ActiveCfg = Debug|x86
		{F53D0CB6-A605-45EF-BA4C-E5A21941668D}.Debug|ARM.ActiveCfg = Debug|ARM
		{F53D0CB6-A605-45EF-BA4C-E5A21941668D}.Debug|ARM.Build.0 = Debug|ARM
		{F53D0CB6-A605-45EF-BA4C-E5A21941668D}.Debug|ARM.Deploy.0 = Debug|ARM
		{F53D0CB6-A605-45EF-BA4C-E5A21941668D}.Debug|iPhone.ActiveCfg = Debug|x86
		{F53D0CB6-A605-45EF-BA4C-E5A21941668D}.Debug|iPhoneSimulator.ActiveCfg = Debug|x86
		{F53D0CB6-A605-45EF-BA4C-E5A21941668D}.Debug|x64.ActiveCfg = Debug|x64
		{F53D0CB6-A605-45EF-BA4C-E5A21941668D}.Debug|x64.Build.0 = Debug|x64
		{F53D0CB6-A605-45EF-BA4C-E5A21941668D}.Debug|x64.Deploy.0 = Debug|x64
		{F53D0CB6-A605-45EF-BA4C-E5A21941668D}.Debug|x86.ActiveCfg = Debug|x86
		{F53D0CB6-A605-45EF-BA4C-E5A21941668D}.Debug|x86.Build.0 = Debug|x86
		{F53D0CB6-A605-45EF-BA4C-E5A21941668D}.Debug|x86.Deploy.0 = Debug|x86
		{F53D0CB6-A605-45EF-BA4C-E5A21941668D}.Release|Any CPU.ActiveCfg = Release|x86
		{F53D0CB6-A605-45EF-BA4C-E5A21941668D}.Release|ARM.ActiveCfg = Release|ARM
		{F53D0CB6-A605-45EF-BA4C-E5A21941668D}.Release|ARM.Build.0 = Release|ARM
		{F53D0CB6-A605-45EF-BA4C-E5A21941668D}.Release|ARM.Deploy.0 = Release|ARM
		{F53D0CB6-A605-45EF-BA4C-E5A21941668D}.Release|iPhone.ActiveCfg = Release|x86
		{F53D0CB6-A605-45EF-BA4C-E5A21941668D}.Release|iPhoneSimulator.ActiveCfg = Release|x86
		{F53D0CB6-A605-45EF-BA4C-E5A21941668D}.Release|x64.ActiveCfg = Release|x64
		{F53D0CB6-A605-45EF-BA4C-E5A21941668D}.Release|x64.Build.0 = Release|x64
		{F53D0CB6-A605-45EF-BA4C-E5A21941668D}.Release|x64.Deploy.0 = Release|x64
		{F53D0CB6-A605-45EF-BA4C-E5A21941668D}.Release|x86.ActiveCfg = Release|x86
		{F53D0CB6-A605-45EF-BA4C-E5A21941668D}.Release|x86.Build.0 = Release|x86
		{F53D0CB6-A605-45EF-BA4C-E5A21941668D}.Release|x86.Deploy.0 = Release|x86
		{9958BF80-319A-4844-9497-CE838ED86AF2}.Ad-Hoc|Any CPU.ActiveCfg = Release|Any CPU
		{9958BF80-319A-4844-9497-CE838ED86AF2}.Ad-Hoc|Any CPU.Build.0 = Release|Any CPU
		{9958BF80-319A-4844-9497-CE838ED86AF2}.Ad-Hoc|Any CPU.Deploy.0 = Release|Any CPU
		{9958BF80-319A-4844-9497-CE838ED86AF2}.Ad-Hoc|ARM.ActiveCfg = Release|ARM
		{9958BF80-319A-4844-9497-CE838ED86AF2}.Ad-Hoc|ARM.Build.0 = Release|ARM
		{9958BF80-319A-4844-9497-CE838ED86AF2}.Ad-Hoc|ARM.Deploy.0 = Release|ARM
		{9958BF80-319A-4844-9497-CE838ED86AF2}.Ad-Hoc|iPhone.ActiveCfg = Release|Any CPU
		{9958BF80-319A-4844-9497-CE838ED86AF2}.Ad-Hoc|iPhone.Build.0 = Release|Any CPU
		{9958BF80-319A-4844-9497-CE838ED86AF2}.Ad-Hoc|iPhone.Deploy.0 = Release|Any CPU
		{9958BF80-319A-4844-9497-CE838ED86AF2}.Ad-Hoc|iPhoneSimulator.ActiveCfg = Release|Any CPU
		{9958BF80-319A-4844-9497-CE838ED86AF2}.Ad-Hoc|iPhoneSimulator.Build.0 = Release|Any CPU
		{9958BF80-319A-4844-9497-CE838ED86AF2}.Ad-Hoc|iPhoneSimulator.Deploy.0 = Release|Any CPU
		{9958BF80-319A-4844-9497-CE838ED86AF2}.Ad-Hoc|x64.ActiveCfg = Release|x64
		{9958BF80-319A-4844-9497-CE838ED86AF2}.Ad-Hoc|x64.Build.0 = Release|x64
		{9958BF80-319A-4844-9497-CE838ED86AF2}.Ad-Hoc|x64.Deploy.0 = Release|x64
		{9958BF80-319A-4844-9497-CE838ED86AF2}.Ad-Hoc|x86.ActiveCfg = Release|x86
		{9958BF80-319A-4844-9497-CE838ED86AF2}.Ad-Hoc|x86.Build.0 = Release|x86
		{9958BF80-319A-4844-9497-CE838ED86AF2}.Ad-Hoc|x86.Deploy.0 = Release|x86
		{9958BF80-319A-4844-9497-CE838ED86AF2}.AppStore|Any CPU.ActiveCfg = Release|Any CPU
		{9958BF80-319A-4844-9497-CE838ED86AF2}.AppStore|Any CPU.Build.0 = Release|Any CPU
		{9958BF80-319A-4844-9497-CE838ED86AF2}.AppStore|Any CPU.Deploy.0 = Release|Any CPU
		{9958BF80-319A-4844-9497-CE838ED86AF2}.AppStore|ARM.ActiveCfg = Release|ARM
		{9958BF80-319A-4844-9497-CE838ED86AF2}.AppStore|ARM.Build.0 = Release|ARM
		{9958BF80-319A-4844-9497-CE838ED86AF2}.AppStore|ARM.Deploy.0 = Release|ARM
		{9958BF80-319A-4844-9497-CE838ED86AF2}.AppStore|iPhone.ActiveCfg = Release|Any CPU
		{9958BF80-319A-4844-9497-CE838ED86AF2}.AppStore|iPhone.Build.0 = Release|Any CPU
		{9958BF80-319A-4844-9497-CE838ED86AF2}.AppStore|iPhone.Deploy.0 = Release|Any CPU
		{9958BF80-319A-4844-9497-CE838ED86AF2}.AppStore|iPhoneSimulator.ActiveCfg = Release|Any CPU
		{9958BF80-319A-4844-9497-CE838ED86AF2}.AppStore|iPhoneSimulator.Build.0 = Release|Any CPU
		{9958BF80-319A-4844-9497-CE838ED86AF2}.AppStore|iPhoneSimulator.Deploy.0 = Release|Any CPU
		{9958BF80-319A-4844-9497-CE838ED86AF2}.AppStore|x64.ActiveCfg = Release|x64
		{9958BF80-319A-4844-9497-CE838ED86AF2}.AppStore|x64.Build.0 = Release|x64
		{9958BF80-319A-4844-9497-CE838ED86AF2}.AppStore|x64.Deploy.0 = Release|x64
		{9958BF80-319A-4844-9497-CE838ED86AF2}.AppStore|x86.ActiveCfg = Release|x86
		{9958BF80-319A-4844-9497-CE838ED86AF2}.AppStore|x86.Build.0 = Release|x86
		{9958BF80-319A-4844-9497-CE838ED86AF2}.AppStore|x86.Deploy.0 = Release|x86
		{9958BF80-319A-4844-9497-CE838ED86AF2}.Debug|Any CPU.ActiveCfg = Debug|Any CPU
		{9958BF80-319A-4844-9497-CE838ED86AF2}.Debug|Any CPU.Build.0 = Debug|Any CPU
		{9958BF80-319A-4844-9497-CE838ED86AF2}.Debug|Any CPU.Deploy.0 = Debug|Any CPU
		{9958BF80-319A-4844-9497-CE838ED86AF2}.Debug|ARM.ActiveCfg = Debug|ARM
		{9958BF80-319A-4844-9497-CE838ED86AF2}.Debug|ARM.Build.0 = Debug|ARM
		{9958BF80-319A-4844-9497-CE838ED86AF2}.Debug|ARM.Deploy.0 = Debug|ARM
		{9958BF80-319A-4844-9497-CE838ED86AF2}.Debug|iPhone.ActiveCfg = Debug|Any CPU
		{9958BF80-319A-4844-9497-CE838ED86AF2}.Debug|iPhone.Build.0 = Debug|Any CPU
		{9958BF80-319A-4844-9497-CE838ED86AF2}.Debug|iPhone.Deploy.0 = Debug|Any CPU
		{9958BF80-319A-4844-9497-CE838ED86AF2}.Debug|iPhoneSimulator.ActiveCfg = Debug|Any CPU
		{9958BF80-319A-4844-9497-CE838ED86AF2}.Debug|iPhoneSimulator.Build.0 = Debug|Any CPU
		{9958BF80-319A-4844-9497-CE838ED86AF2}.Debug|iPhoneSimulator.Deploy.0 = Debug|Any CPU
		{9958BF80-319A-4844-9497-CE838ED86AF2}.Debug|x64.ActiveCfg = Debug|x64
		{9958BF80-319A-4844-9497-CE838ED86AF2}.Debug|x64.Build.0 = Debug|x64
		{9958BF80-319A-4844-9497-CE838ED86AF2}.Debug|x64.Deploy.0 = Debug|x64
		{9958BF80-319A-4844-9497-CE838ED86AF2}.Debug|x86.ActiveCfg = Debug|x86
		{9958BF80-319A-4844-9497-CE838ED86AF2}.Debug|x86.Build.0 = Debug|x86
		{9958BF80-319A-4844-9497-CE838ED86AF2}.Debug|x86.Deploy.0 = Debug|x86
		{9958BF80-319A-4844-9497-CE838ED86AF2}.Release|Any CPU.ActiveCfg = Release|Any CPU
		{9958BF80-319A-4844-9497-CE838ED86AF2}.Release|Any CPU.Build.0 = Release|Any CPU
		{9958BF80-319A-4844-9497-CE838ED86AF2}.Release|Any CPU.Deploy.0 = Release|Any CPU
		{9958BF80-319A-4844-9497-CE838ED86AF2}.Release|ARM.ActiveCfg = Release|ARM
		{9958BF80-319A-4844-9497-CE838ED86AF2}.Release|ARM.Build.0 = Release|ARM
		{9958BF80-319A-4844-9497-CE838ED86AF2}.Release|ARM.Deploy.0 = Release|ARM
		{9958BF80-319A-4844-9497-CE838ED86AF2}.Release|iPhone.ActiveCfg = Release|Any CPU
		{9958BF80-319A-4844-9497-CE838ED86AF2}.Release|iPhone.Build.0 = Release|Any CPU
		{9958BF80-319A-4844-9497-CE838ED86AF2}.Release|iPhone.Deploy.0 = Release|Any CPU
		{9958BF80-319A-4844-9497-CE838ED86AF2}.Release|iPhoneSimulator.ActiveCfg = Release|Any CPU
		{9958BF80-319A-4844-9497-CE838ED86AF2}.Release|iPhoneSimulator.Build.0 = Release|Any CPU
		{9958BF80-319A-4844-9497-CE838ED86AF2}.Release|iPhoneSimulator.Deploy.0 = Release|Any CPU
		{9958BF80-319A-4844-9497-CE838ED86AF2}.Release|x64.ActiveCfg = Release|x64
		{9958BF80-319A-4844-9497-CE838ED86AF2}.Release|x64.Build.0 = Release|x64
		{9958BF80-319A-4844-9497-CE838ED86AF2}.Release|x64.Deploy.0 = Release|x64
		{9958BF80-319A-4844-9497-CE838ED86AF2}.Release|x86.ActiveCfg = Release|x86
		{9958BF80-319A-4844-9497-CE838ED86AF2}.Release|x86.Build.0 = Release|x86
		{9958BF80-319A-4844-9497-CE838ED86AF2}.Release|x86.Deploy.0 = Release|x86
	EndGlobalSection
	GlobalSection(SolutionProperties) = preSolution
		HideSolutionNode = FALSE
	EndGlobalSection
EndGlobal
